
Microsoft Visual Studio Solution File, Format Version 12.00
# Visual Studio 15
VisualStudioVersion = 15.0.28307.271
MinimumVisualStudioVersion = 10.0.40219.1
Project("{FAE04EC0-301F-11D3-BF4B-00C04F79EFBC}") = "TextAdventureXam.Android", "TextAdventureXam\TextAdventureXam.Android\TextAdventureXam.Android.csproj", "{3943F86B-E60B-4DFF-9A02-84E524325CCD}"
EndProject
Project("{FAE04EC0-301F-11D3-BF4B-00C04F79EFBC}") = "TextAdventureXam.iOS", "TextAdventureXam\TextAdventureXam.iOS\TextAdventureXam.iOS.csproj", "{E201EB37-51E0-4511-B9A6-AB156FD85D74}"
EndProject
Project("{FAE04EC0-301F-11D3-BF4B-00C04F79EFBC}") = "TextAdventureXam.UWP", "TextAdventureXam\TextAdventureXam.UWP\TextAdventureXam.UWP.csproj", "{7065DDFD-12F3-49D2-91B0-B6286CBAE014}"
EndProject
Project("{D954291E-2A0B-460D-934E-DC6B0785DB48}") = "TextAdventureXam", "TextAdventureXam\TextAdventureXam\TextAdventureXam.shproj", "{5F9E1064-F509-48AC-AA81-7CCC704A33E6}"
EndProject
Global
	GlobalSection(SharedMSBuildProjectFiles) = preSolution
		TextAdventureXam\TextAdventureXam\TextAdventureXam.projitems*{3943f86b-e60b-4dff-9a02-84e524325ccd}*SharedItemsImports = 4
		TextAdventureXam\TextAdventureXam\TextAdventureXam.projitems*{5f9e1064-f509-48ac-aa81-7ccc704a33e6}*SharedItemsImports = 13
		TextAdventureXam\TextAdventureXam\TextAdventureXam.projitems*{7065ddfd-12f3-49d2-91b0-b6286cbae014}*SharedItemsImports = 4
		TextAdventureXam\TextAdventureXam\TextAdventureXam.projitems*{e201eb37-51e0-4511-b9a6-ab156fd85d74}*SharedItemsImports = 4
	EndGlobalSection
	GlobalSection(SolutionConfigurationPlatforms) = preSolution
		Ad-Hoc|Any CPU = Ad-Hoc|Any CPU
		Ad-Hoc|ARM = Ad-Hoc|ARM
		Ad-Hoc|iPhone = Ad-Hoc|iPhone
		Ad-Hoc|iPhoneSimulator = Ad-Hoc|iPhoneSimulator
		Ad-Hoc|x64 = Ad-Hoc|x64
		Ad-Hoc|x86 = Ad-Hoc|x86
		AppStore|Any CPU = AppStore|Any CPU
		AppStore|ARM = AppStore|ARM
		AppStore|iPhone = AppStore|iPhone
		AppStore|iPhoneSimulator = AppStore|iPhoneSimulator
		AppStore|x64 = AppStore|x64
		AppStore|x86 = AppStore|x86
		Debug|Any CPU = Debug|Any CPU
		Debug|ARM = Debug|ARM
		Debug|iPhone = Debug|iPhone
		Debug|iPhoneSimulator = Debug|iPhoneSimulator
		Debug|x64 = Debug|x64
		Debug|x86 = Debug|x86
		Release|Any CPU = Release|Any CPU
		Release|ARM = Release|ARM
		Release|iPhone = Release|iPhone
		Release|iPhoneSimulator = Release|iPhoneSimulator
		Release|x64 = Release|x64
		Release|x86 = Release|x86
	EndGlobalSection
	GlobalSection(ProjectConfigurationPlatforms) = postSolution
		{3943F86B-E60B-4DFF-9A02-84E524325CCD}.Ad-Hoc|Any CPU.ActiveCfg = Release|Any CPU
		{3943F86B-E60B-4DFF-9A02-84E524325CCD}.Ad-Hoc|Any CPU.Build.0 = Release|Any CPU
		{3943F86B-E60B-4DFF-9A02-84E524325CCD}.Ad-Hoc|Any CPU.Deploy.0 = Release|Any CPU
		{3943F86B-E60B-4DFF-9A02-84E524325CCD}.Ad-Hoc|ARM.ActiveCfg = Release|Any CPU
		{3943F86B-E60B-4DFF-9A02-84E524325CCD}.Ad-Hoc|ARM.Build.0 = Release|Any CPU
		{3943F86B-E60B-4DFF-9A02-84E524325CCD}.Ad-Hoc|ARM.Deploy.0 = Release|Any CPU
		{3943F86B-E60B-4DFF-9A02-84E524325CCD}.Ad-Hoc|iPhone.ActiveCfg = Release|Any CPU
		{3943F86B-E60B-4DFF-9A02-84E524325CCD}.Ad-Hoc|iPhone.Build.0 = Release|Any CPU
		{3943F86B-E60B-4DFF-9A02-84E524325CCD}.Ad-Hoc|iPhone.Deploy.0 = Release|Any CPU
		{3943F86B-E60B-4DFF-9A02-84E524325CCD}.Ad-Hoc|iPhoneSimulator.ActiveCfg = Release|Any CPU
		{3943F86B-E60B-4DFF-9A02-84E524325CCD}.Ad-Hoc|iPhoneSimulator.Build.0 = Release|Any CPU
		{3943F86B-E60B-4DFF-9A02-84E524325CCD}.Ad-Hoc|iPhoneSimulator.Deploy.0 = Release|Any CPU
		{3943F86B-E60B-4DFF-9A02-84E524325CCD}.Ad-Hoc|x64.ActiveCfg = Release|Any CPU
		{3943F86B-E60B-4DFF-9A02-84E524325CCD}.Ad-Hoc|x64.Build.0 = Release|Any CPU
		{3943F86B-E60B-4DFF-9A02-84E524325CCD}.Ad-Hoc|x64.Deploy.0 = Release|Any CPU
		{3943F86B-E60B-4DFF-9A02-84E524325CCD}.Ad-Hoc|x86.ActiveCfg = Release|Any CPU
		{3943F86B-E60B-4DFF-9A02-84E524325CCD}.Ad-Hoc|x86.Build.0 = Release|Any CPU
		{3943F86B-E60B-4DFF-9A02-84E524325CCD}.Ad-Hoc|x86.Deploy.0 = Release|Any CPU
		{3943F86B-E60B-4DFF-9A02-84E524325CCD}.AppStore|Any CPU.ActiveCfg = Release|Any CPU
		{3943F86B-E60B-4DFF-9A02-84E524325CCD}.AppStore|Any CPU.Build.0 = Release|Any CPU
		{3943F86B-E60B-4DFF-9A02-84E524325CCD}.AppStore|Any CPU.Deploy.0 = Release|Any CPU
		{3943F86B-E60B-4DFF-9A02-84E524325CCD}.AppStore|ARM.ActiveCfg = Release|Any CPU
		{3943F86B-E60B-4DFF-9A02-84E524325CCD}.AppStore|ARM.Build.0 = Release|Any CPU
		{3943F86B-E60B-4DFF-9A02-84E524325CCD}.AppStore|ARM.Deploy.0 = Release|Any CPU
		{3943F86B-E60B-4DFF-9A02-84E524325CCD}.AppStore|iPhone.ActiveCfg = Release|Any CPU
		{3943F86B-E60B-4DFF-9A02-84E524325CCD}.AppStore|iPhone.Build.0 = Release|Any CPU
		{3943F86B-E60B-4DFF-9A02-84E524325CCD}.AppStore|iPhone.Deploy.0 = Release|Any CPU
		{3943F86B-E60B-4DFF-9A02-84E524325CCD}.AppStore|iPhoneSimulator.ActiveCfg = Release|Any CPU
		{3943F86B-E60B-4DFF-9A02-84E524325CCD}.AppStore|iPhoneSimulator.Build.0 = Release|Any CPU
		{3943F86B-E60B-4DFF-9A02-84E524325CCD}.AppStore|iPhoneSimulator.Deploy.0 = Release|Any CPU
		{3943F86B-E60B-4DFF-9A02-84E524325CCD}.AppStore|x64.ActiveCfg = Release|Any CPU
		{3943F86B-E60B-4DFF-9A02-84E524325CCD}.AppStore|x64.Build.0 = Release|Any CPU
		{3943F86B-E60B-4DFF-9A02-84E524325CCD}.AppStore|x64.Deploy.0 = Release|Any CPU
		{3943F86B-E60B-4DFF-9A02-84E524325CCD}.AppStore|x86.ActiveCfg = Release|Any CPU
		{3943F86B-E60B-4DFF-9A02-84E524325CCD}.AppStore|x86.Build.0 = Release|Any CPU
		{3943F86B-E60B-4DFF-9A02-84E524325CCD}.AppStore|x86.Deploy.0 = Release|Any CPU
		{3943F86B-E60B-4DFF-9A02-84E524325CCD}.Debug|Any CPU.ActiveCfg = Debug|Any CPU
		{3943F86B-E60B-4DFF-9A02-84E524325CCD}.Debug|Any CPU.Build.0 = Debug|Any CPU
		{3943F86B-E60B-4DFF-9A02-84E524325CCD}.Debug|Any CPU.Deploy.0 = Debug|Any CPU
		{3943F86B-E60B-4DFF-9A02-84E524325CCD}.Debug|ARM.ActiveCfg = Debug|Any CPU
		{3943F86B-E60B-4DFF-9A02-84E524325CCD}.Debug|ARM.Build.0 = Debug|Any CPU
		{3943F86B-E60B-4DFF-9A02-84E524325CCD}.Debug|ARM.Deploy.0 = Debug|Any CPU
		{3943F86B-E60B-4DFF-9A02-84E524325CCD}.Debug|iPhone.ActiveCfg = Debug|Any CPU
		{3943F86B-E60B-4DFF-9A02-84E524325CCD}.Debug|iPhone.Build.0 = Debug|Any CPU
		{3943F86B-E60B-4DFF-9A02-84E524325CCD}.Debug|iPhone.Deploy.0 = Debug|Any CPU
		{3943F86B-E60B-4DFF-9A02-84E524325CCD}.Debug|iPhoneSimulator.ActiveCfg = Debug|Any CPU
		{3943F86B-E60B-4DFF-9A02-84E524325CCD}.Debug|iPhoneSimulator.Build.0 = Debug|Any CPU
		{3943F86B-E60B-4DFF-9A02-84E524325CCD}.Debug|iPhoneSimulator.Deploy.0 = Debug|Any CPU
		{3943F86B-E60B-4DFF-9A02-84E524325CCD}.Debug|x64.ActiveCfg = Debug|Any CPU
		{3943F86B-E60B-4DFF-9A02-84E524325CCD}.Debug|x64.Build.0 = Debug|Any CPU
		{3943F86B-E60B-4DFF-9A02-84E524325CCD}.Debug|x64.Deploy.0 = Debug|Any CPU
		{3943F86B-E60B-4DFF-9A02-84E524325CCD}.Debug|x86.ActiveCfg = Debug|Any CPU
		{3943F86B-E60B-4DFF-9A02-84E524325CCD}.Debug|x86.Build.0 = Debug|Any CPU
		{3943F86B-E60B-4DFF-9A02-84E524325CCD}.Debug|x86.Deploy.0 = Debug|Any CPU
		{3943F86B-E60B-4DFF-9A02-84E524325CCD}.Release|Any CPU.ActiveCfg = Release|Any CPU
		{3943F86B-E60B-4DFF-9A02-84E524325CCD}.Release|Any CPU.Build.0 = Release|Any CPU
		{3943F86B-E60B-4DFF-9A02-84E524325CCD}.Release|Any CPU.Deploy.0 = Release|Any CPU
		{3943F86B-E60B-4DFF-9A02-84E524325CCD}.Release|ARM.ActiveCfg = Release|Any CPU
		{3943F86B-E60B-4DFF-9A02-84E524325CCD}.Release|ARM.Build.0 = Release|Any CPU
		{3943F86B-E60B-4DFF-9A02-84E524325CCD}.Release|ARM.Deploy.0 = Release|Any CPU
		{3943F86B-E60B-4DFF-9A02-84E524325CCD}.Release|iPhone.ActiveCfg = Release|Any CPU
		{3943F86B-E60B-4DFF-9A02-84E524325CCD}.Release|iPhone.Build.0 = Release|Any CPU
		{3943F86B-E60B-4DFF-9A02-84E524325CCD}.Release|iPhone.Deploy.0 = Release|Any CPU
		{3943F86B-E60B-4DFF-9A02-84E524325CCD}.Release|iPhoneSimulator.ActiveCfg = Release|Any CPU
		{3943F86B-E60B-4DFF-9A02-84E524325CCD}.Release|iPhoneSimulator.Build.0 = Release|Any CPU
		{3943F86B-E60B-4DFF-9A02-84E524325CCD}.Release|iPhoneSimulator.Deploy.0 = Release|Any CPU
		{3943F86B-E60B-4DFF-9A02-84E524325CCD}.Release|x64.ActiveCfg = Release|Any CPU
		{3943F86B-E60B-4DFF-9A02-84E524325CCD}.Release|x64.Build.0 = Release|Any CPU
		{3943F86B-E60B-4DFF-9A02-84E524325CCD}.Release|x64.Deploy.0 = Release|Any CPU
		{3943F86B-E60B-4DFF-9A02-84E524325CCD}.Release|x86.ActiveCfg = Release|Any CPU
		{3943F86B-E60B-4DFF-9A02-84E524325CCD}.Release|x86.Build.0 = Release|Any CPU
		{3943F86B-E60B-4DFF-9A02-84E524325CCD}.Release|x86.Deploy.0 = Release|Any CPU
		{E201EB37-51E0-4511-B9A6-AB156FD85D74}.Ad-Hoc|Any CPU.ActiveCfg = Ad-Hoc|iPhone
		{E201EB37-51E0-4511-B9A6-AB156FD85D74}.Ad-Hoc|Any CPU.Build.0 = Ad-Hoc|iPhone
		{E201EB37-51E0-4511-B9A6-AB156FD85D74}.Ad-Hoc|Any CPU.Deploy.0 = Ad-Hoc|iPhone
		{E201EB37-51E0-4511-B9A6-AB156FD85D74}.Ad-Hoc|ARM.ActiveCfg = Ad-Hoc|iPhone
		{E201EB37-51E0-4511-B9A6-AB156FD85D74}.Ad-Hoc|ARM.Build.0 = Ad-Hoc|iPhone
		{E201EB37-51E0-4511-B9A6-AB156FD85D74}.Ad-Hoc|ARM.Deploy.0 = Ad-Hoc|iPhone
		{E201EB37-51E0-4511-B9A6-AB156FD85D74}.Ad-Hoc|iPhone.ActiveCfg = Ad-Hoc|iPhone
		{E201EB37-51E0-4511-B9A6-AB156FD85D74}.Ad-Hoc|iPhone.Build.0 = Ad-Hoc|iPhone
		{E201EB37-51E0-4511-B9A6-AB156FD85D74}.Ad-Hoc|iPhone.Deploy.0 = Ad-Hoc|iPhone
		{E201EB37-51E0-4511-B9A6-AB156FD85D74}.Ad-Hoc|iPhoneSimulator.ActiveCfg = Ad-Hoc|iPhoneSimulator
		{E201EB37-51E0-4511-B9A6-AB156FD85D74}.Ad-Hoc|iPhoneSimulator.Build.0 = Ad-Hoc|iPhoneSimulator
		{E201EB37-51E0-4511-B9A6-AB156FD85D74}.Ad-Hoc|iPhoneSimulator.Deploy.0 = Ad-Hoc|iPhoneSimulator
		{E201EB37-51E0-4511-B9A6-AB156FD85D74}.Ad-Hoc|x64.ActiveCfg = Ad-Hoc|iPhone
		{E201EB37-51E0-4511-B9A6-AB156FD85D74}.Ad-Hoc|x64.Build.0 = Ad-Hoc|iPhone
		{E201EB37-51E0-4511-B9A6-AB156FD85D74}.Ad-Hoc|x64.Deploy.0 = Ad-Hoc|iPhone
		{E201EB37-51E0-4511-B9A6-AB156FD85D74}.Ad-Hoc|x86.ActiveCfg = Ad-Hoc|iPhone
		{E201EB37-51E0-4511-B9A6-AB156FD85D74}.Ad-Hoc|x86.Build.0 = Ad-Hoc|iPhone
		{E201EB37-51E0-4511-B9A6-AB156FD85D74}.Ad-Hoc|x86.Deploy.0 = Ad-Hoc|iPhone
		{E201EB37-51E0-4511-B9A6-AB156FD85D74}.AppStore|Any CPU.ActiveCfg = AppStore|iPhone
		{E201EB37-51E0-4511-B9A6-AB156FD85D74}.AppStore|Any CPU.Build.0 = AppStore|iPhone
		{E201EB37-51E0-4511-B9A6-AB156FD85D74}.AppStore|Any CPU.Deploy.0 = AppStore|iPhone
		{E201EB37-51E0-4511-B9A6-AB156FD85D74}.AppStore|ARM.ActiveCfg = AppStore|iPhone
		{E201EB37-51E0-4511-B9A6-AB156FD85D74}.AppStore|ARM.Build.0 = AppStore|iPhone
		{E201EB37-51E0-4511-B9A6-AB156FD85D74}.AppStore|ARM.Deploy.0 = AppStore|iPhone
		{E201EB37-51E0-4511-B9A6-AB156FD85D74}.AppStore|iPhone.ActiveCfg = AppStore|iPhone
		{E201EB37-51E0-4511-B9A6-AB156FD85D74}.AppStore|iPhone.Build.0 = AppStore|iPhone
		{E201EB37-51E0-4511-B9A6-AB156FD85D74}.AppStore|iPhone.Deploy.0 = AppStore|iPhone
		{E201EB37-51E0-4511-B9A6-AB156FD85D74}.AppStore|iPhoneSimulator.ActiveCfg = AppStore|iPhoneSimulator
		{E201EB37-51E0-4511-B9A6-AB156FD85D74}.AppStore|iPhoneSimulator.Build.0 = AppStore|iPhoneSimulator
		{E201EB37-51E0-4511-B9A6-AB156FD85D74}.AppStore|iPhoneSimulator.Deploy.0 = AppStore|iPhoneSimulator
		{E201EB37-51E0-4511-B9A6-AB156FD85D74}.AppStore|x64.ActiveCfg = AppStore|iPhone
		{E201EB37-51E0-4511-B9A6-AB156FD85D74}.AppStore|x64.Build.0 = AppStore|iPhone
		{E201EB37-51E0-4511-B9A6-AB156FD85D74}.AppStore|x64.Deploy.0 = AppStore|iPhone
		{E201EB37-51E0-4511-B9A6-AB156FD85D74}.AppStore|x86.ActiveCfg = AppStore|iPhone
		{E201EB37-51E0-4511-B9A6-AB156FD85D74}.AppStore|x86.Build.0 = AppStore|iPhone
		{E201EB37-51E0-4511-B9A6-AB156FD85D74}.AppStore|x86.Deploy.0 = AppStore|iPhone
		{E201EB37-51E0-4511-B9A6-AB156FD85D74}.Debug|Any CPU.ActiveCfg = Debug|iPhoneSimulator
		{E201EB37-51E0-4511-B9A6-AB156FD85D74}.Debug|Any CPU.Build.0 = Debug|iPhoneSimulator
		{E201EB37-51E0-4511-B9A6-AB156FD85D74}.Debug|Any CPU.Deploy.0 = Debug|iPhoneSimulator
		{E201EB37-51E0-4511-B9A6-AB156FD85D74}.Debug|ARM.ActiveCfg = Debug|iPhone
		{E201EB37-51E0-4511-B9A6-AB156FD85D74}.Debug|ARM.Build.0 = Debug|iPhone
		{E201EB37-51E0-4511-B9A6-AB156FD85D74}.Debug|ARM.Deploy.0 = Debug|iPhone
		{E201EB37-51E0-4511-B9A6-AB156FD85D74}.Debug|iPhone.ActiveCfg = Debug|iPhone
		{E201EB37-51E0-4511-B9A6-AB156FD85D74}.Debug|iPhone.Build.0 = Debug|iPhone
		{E201EB37-51E0-4511-B9A6-AB156FD85D74}.Debug|iPhone.Deploy.0 = Debug|iPhone
		{E201EB37-51E0-4511-B9A6-AB156FD85D74}.Debug|iPhoneSimulator.ActiveCfg = Debug|iPhoneSimulator
		{E201EB37-51E0-4511-B9A6-AB156FD85D74}.Debug|iPhoneSimulator.Build.0 = Debug|iPhoneSimulator
		{E201EB37-51E0-4511-B9A6-AB156FD85D74}.Debug|iPhoneSimulator.Deploy.0 = Debug|iPhoneSimulator
		{E201EB37-51E0-4511-B9A6-AB156FD85D74}.Debug|x64.ActiveCfg = Debug|iPhone
		{E201EB37-51E0-4511-B9A6-AB156FD85D74}.Debug|x64.Build.0 = Debug|iPhone
		{E201EB37-51E0-4511-B9A6-AB156FD85D74}.Debug|x64.Deploy.0 = Debug|iPhone
		{E201EB37-51E0-4511-B9A6-AB156FD85D74}.Debug|x86.ActiveCfg = Debug|iPhone
		{E201EB37-51E0-4511-B9A6-AB156FD85D74}.Debug|x86.Build.0 = Debug|iPhone
		{E201EB37-51E0-4511-B9A6-AB156FD85D74}.Debug|x86.Deploy.0 = Debug|iPhone
		{E201EB37-51E0-4511-B9A6-AB156FD85D74}.Release|Any CPU.ActiveCfg = Release|iPhone
		{E201EB37-51E0-4511-B9A6-AB156FD85D74}.Release|Any CPU.Build.0 = Release|iPhone
		{E201EB37-51E0-4511-B9A6-AB156FD85D74}.Release|Any CPU.Deploy.0 = Release|iPhone
		{E201EB37-51E0-4511-B9A6-AB156FD85D74}.Release|ARM.ActiveCfg = Release|iPhone
		{E201EB37-51E0-4511-B9A6-AB156FD85D74}.Release|ARM.Build.0 = Release|iPhone
		{E201EB37-51E0-4511-B9A6-AB156FD85D74}.Release|ARM.Deploy.0 = Release|iPhone
		{E201EB37-51E0-4511-B9A6-AB156FD85D74}.Release|iPhone.ActiveCfg = Release|iPhone
		{E201EB37-51E0-4511-B9A6-AB156FD85D74}.Release|iPhone.Build.0 = Release|iPhone
		{E201EB37-51E0-4511-B9A6-AB156FD85D74}.Release|iPhone.Deploy.0 = Release|iPhone
		{E201EB37-51E0-4511-B9A6-AB156FD85D74}.Release|iPhoneSimulator.ActiveCfg = Release|iPhoneSimulator
		{E201EB37-51E0-4511-B9A6-AB156FD85D74}.Release|iPhoneSimulator.Build.0 = Release|iPhoneSimulator
		{E201EB37-51E0-4511-B9A6-AB156FD85D74}.Release|iPhoneSimulator.Deploy.0 = Release|iPhoneSimulator
		{E201EB37-51E0-4511-B9A6-AB156FD85D74}.Release|x64.ActiveCfg = Release|iPhone
		{E201EB37-51E0-4511-B9A6-AB156FD85D74}.Release|x64.Build.0 = Release|iPhone
		{E201EB37-51E0-4511-B9A6-AB156FD85D74}.Release|x64.Deploy.0 = Release|iPhone
		{E201EB37-51E0-4511-B9A6-AB156FD85D74}.Release|x86.ActiveCfg = Release|iPhone
		{E201EB37-51E0-4511-B9A6-AB156FD85D74}.Release|x86.Build.0 = Release|iPhone
		{E201EB37-51E0-4511-B9A6-AB156FD85D74}.Release|x86.Deploy.0 = Release|iPhone
		{7065DDFD-12F3-49D2-91B0-B6286CBAE014}.Ad-Hoc|Any CPU.ActiveCfg = Release|x86
		{7065DDFD-12F3-49D2-91B0-B6286CBAE014}.Ad-Hoc|Any CPU.Build.0 = Release|x86
		{7065DDFD-12F3-49D2-91B0-B6286CBAE014}.Ad-Hoc|Any CPU.Deploy.0 = Release|x86
		{7065DDFD-12F3-49D2-91B0-B6286CBAE014}.Ad-Hoc|ARM.ActiveCfg = Release|ARM
		{7065DDFD-12F3-49D2-91B0-B6286CBAE014}.Ad-Hoc|ARM.Build.0 = Release|ARM
		{7065DDFD-12F3-49D2-91B0-B6286CBAE014}.Ad-Hoc|ARM.Deploy.0 = Release|ARM
		{7065DDFD-12F3-49D2-91B0-B6286CBAE014}.Ad-Hoc|iPhone.ActiveCfg = Release|x86
		{7065DDFD-12F3-49D2-91B0-B6286CBAE014}.Ad-Hoc|iPhone.Build.0 = Release|x86
		{7065DDFD-12F3-49D2-91B0-B6286CBAE014}.Ad-Hoc|iPhone.Deploy.0 = Release|x86
		{7065DDFD-12F3-49D2-91B0-B6286CBAE014}.Ad-Hoc|iPhoneSimulator.ActiveCfg = Release|x86
		{7065DDFD-12F3-49D2-91B0-B6286CBAE014}.Ad-Hoc|iPhoneSimulator.Build.0 = Release|x86
		{7065DDFD-12F3-49D2-91B0-B6286CBAE014}.Ad-Hoc|iPhoneSimulator.Deploy.0 = Release|x86
		{7065DDFD-12F3-49D2-91B0-B6286CBAE014}.Ad-Hoc|x64.ActiveCfg = Release|x64
		{7065DDFD-12F3-49D2-91B0-B6286CBAE014}.Ad-Hoc|x64.Build.0 = Release|x64
		{7065DDFD-12F3-49D2-91B0-B6286CBAE014}.Ad-Hoc|x64.Deploy.0 = Release|x64
		{7065DDFD-12F3-49D2-91B0-B6286CBAE014}.Ad-Hoc|x86.ActiveCfg = Release|x86
		{7065DDFD-12F3-49D2-91B0-B6286CBAE014}.Ad-Hoc|x86.Build.0 = Release|x86
		{7065DDFD-12F3-49D2-91B0-B6286CBAE014}.Ad-Hoc|x86.Deploy.0 = Release|x86
		{7065DDFD-12F3-49D2-91B0-B6286CBAE014}.AppStore|Any CPU.ActiveCfg = Release|x86
		{7065DDFD-12F3-49D2-91B0-B6286CBAE014}.AppStore|Any CPU.Build.0 = Release|x86
		{7065DDFD-12F3-49D2-91B0-B6286CBAE014}.AppStore|Any CPU.Deploy.0 = Release|x86
		{7065DDFD-12F3-49D2-91B0-B6286CBAE014}.AppStore|ARM.ActiveCfg = Release|ARM
		{7065DDFD-12F3-49D2-91B0-B6286CBAE014}.AppStore|ARM.Build.0 = Release|ARM
		{7065DDFD-12F3-49D2-91B0-B6286CBAE014}.AppStore|ARM.Deploy.0 = Release|ARM
		{7065DDFD-12F3-49D2-91B0-B6286CBAE014}.AppStore|iPhone.ActiveCfg = Release|x86
		{7065DDFD-12F3-49D2-91B0-B6286CBAE014}.AppStore|iPhone.Build.0 = Release|x86
		{7065DDFD-12F3-49D2-91B0-B6286CBAE014}.AppStore|iPhone.Deploy.0 = Release|x86
		{7065DDFD-12F3-49D2-91B0-B6286CBAE014}.AppStore|iPhoneSimulator.ActiveCfg = Release|x86
		{7065DDFD-12F3-49D2-91B0-B6286CBAE014}.AppStore|iPhoneSimulator.Build.0 = Release|x86
		{7065DDFD-12F3-49D2-91B0-B6286CBAE014}.AppStore|iPhoneSimulator.Deploy.0 = Release|x86
		{7065DDFD-12F3-49D2-91B0-B6286CBAE014}.AppStore|x64.ActiveCfg = Release|x64
		{7065DDFD-12F3-49D2-91B0-B6286CBAE014}.AppStore|x64.Build.0 = Release|x64
		{7065DDFD-12F3-49D2-91B0-B6286CBAE014}.AppStore|x64.Deploy.0 = Release|x64
		{7065DDFD-12F3-49D2-91B0-B6286CBAE014}.AppStore|x86.ActiveCfg = Release|x86
		{7065DDFD-12F3-49D2-91B0-B6286CBAE014}.AppStore|x86.Build.0 = Release|x86
		{7065DDFD-12F3-49D2-91B0-B6286CBAE014}.AppStore|x86.Deploy.0 = Release|x86
		{7065DDFD-12F3-49D2-91B0-B6286CBAE014}.Debug|Any CPU.ActiveCfg = Debug|x86
		{7065DDFD-12F3-49D2-91B0-B6286CBAE014}.Debug|Any CPU.Build.0 = Debug|x86
		{7065DDFD-12F3-49D2-91B0-B6286CBAE014}.Debug|Any CPU.Deploy.0 = Debug|x86
		{7065DDFD-12F3-49D2-91B0-B6286CBAE014}.Debug|ARM.ActiveCfg = Debug|ARM
		{7065DDFD-12F3-49D2-91B0-B6286CBAE014}.Debug|ARM.Build.0 = Debug|ARM
		{7065DDFD-12F3-49D2-91B0-B6286CBAE014}.Debug|ARM.Deploy.0 = Debug|ARM
		{7065DDFD-12F3-49D2-91B0-B6286CBAE014}.Debug|iPhone.ActiveCfg = Debug|x86
		{7065DDFD-12F3-49D2-91B0-B6286CBAE014}.Debug|iPhone.Build.0 = Debug|x86
		{7065DDFD-12F3-49D2-91B0-B6286CBAE014}.Debug|iPhone.Deploy.0 = Debug|x86
		{7065DDFD-12F3-49D2-91B0-B6286CBAE014}.Debug|iPhoneSimulator.ActiveCfg = Debug|x86
		{7065DDFD-12F3-49D2-91B0-B6286CBAE014}.Debug|iPhoneSimulator.Build.0 = Debug|x86
		{7065DDFD-12F3-49D2-91B0-B6286CBAE014}.Debug|iPhoneSimulator.Deploy.0 = Debug|x86
		{7065DDFD-12F3-49D2-91B0-B6286CBAE014}.Debug|x64.ActiveCfg = Debug|x64
		{7065DDFD-12F3-49D2-91B0-B6286CBAE014}.Debug|x64.Build.0 = Debug|x64
		{7065DDFD-12F3-49D2-91B0-B6286CBAE014}.Debug|x64.Deploy.0 = Debug|x64
		{7065DDFD-12F3-49D2-91B0-B6286CBAE014}.Debug|x86.ActiveCfg = Debug|x86
		{7065DDFD-12F3-49D2-91B0-B6286CBAE014}.Debug|x86.Build.0 = Debug|x86
		{7065DDFD-12F3-49D2-91B0-B6286CBAE014}.Debug|x86.Deploy.0 = Debug|x86
		{7065DDFD-12F3-49D2-91B0-B6286CBAE014}.Release|Any CPU.ActiveCfg = Release|x86
		{7065DDFD-12F3-49D2-91B0-B6286CBAE014}.Release|Any CPU.Build.0 = Release|x86
		{7065DDFD-12F3-49D2-91B0-B6286CBAE014}.Release|Any CPU.Deploy.0 = Release|x86
		{7065DDFD-12F3-49D2-91B0-B6286CBAE014}.Release|ARM.ActiveCfg = Release|ARM
		{7065DDFD-12F3-49D2-91B0-B6286CBAE014}.Release|ARM.Build.0 = Release|ARM
		{7065DDFD-12F3-49D2-91B0-B6286CBAE014}.Release|ARM.Deploy.0 = Release|ARM
		{7065DDFD-12F3-49D2-91B0-B6286CBAE014}.Release|iPhone.ActiveCfg = Release|x86
		{7065DDFD-12F3-49D2-91B0-B6286CBAE014}.Release|iPhone.Build.0 = Release|x86
		{7065DDFD-12F3-49D2-91B0-B6286CBAE014}.Release|iPhone.Deploy.0 = Release|x86
		{7065DDFD-12F3-49D2-91B0-B6286CBAE014}.Release|iPhoneSimulator.ActiveCfg = Release|x86
		{7065DDFD-12F3-49D2-91B0-B6286CBAE014}.Release|iPhoneSimulator.Build.0 = Release|x86
		{7065DDFD-12F3-49D2-91B0-B6286CBAE014}.Release|iPhoneSimulator.Deploy.0 = Release|x86
		{7065DDFD-12F3-49D2-91B0-B6286CBAE014}.Release|x64.ActiveCfg = Release|x64
		{7065DDFD-12F3-49D2-91B0-B6286CBAE014}.Release|x64.Build.0 = Release|x64
		{7065DDFD-12F3-49D2-91B0-B6286CBAE014}.Release|x64.Deploy.0 = Release|x64
		{7065DDFD-12F3-49D2-91B0-B6286CBAE014}.Release|x86.ActiveCfg = Release|x86
		{7065DDFD-12F3-49D2-91B0-B6286CBAE014}.Release|x86.Build.0 = Release|x86
		{7065DDFD-12F3-49D2-91B0-B6286CBAE014}.Release|x86.Deploy.0 = Release|x86
	EndGlobalSection
	GlobalSection(SolutionProperties) = preSolution
		HideSolutionNode = FALSE
	EndGlobalSection
	GlobalSection(ExtensibilityGlobals) = postSolution
		SolutionGuid = {8316746B-0D5B-4059-8A70-75F7DD2AB5D0}
	EndGlobalSection
EndGlobal
